
Microsoft Visual Studio Solution File, Format Version 12.00
# Visual Studio Version 16
VisualStudioVersion = 16.0.30709.64
MinimumVisualStudioVersion = 15.0.26124.0
Project("{9A19103F-16F7-4668-BE54-9A1E7A4F7556}") = "MachineNodes.Console", "MachineNodes.Console\MachineNodes.Console.csproj", "{B8C80910-5478-4C25-91AF-6C2D4BF89A36}"
EndProject
Global
	GlobalSection(SolutionConfigurationPlatforms) = preSolution
		Debug|Any CPU = Debug|Any CPU
		Debug|x64 = Debug|x64
		Debug|x86 = Debug|x86
		Release|Any CPU = Release|Any CPU
		Release|x64 = Release|x64
		Release|x86 = Release|x86
	EndGlobalSection
	GlobalSection(ProjectConfigurationPlatforms) = postSolution
		{B8C80910-5478-4C25-91AF-6C2D4BF89A36}.Debug|Any CPU.ActiveCfg = Debug|Any CPU
		{B8C80910-5478-4C25-91AF-6C2D4BF89A36}.Debug|Any CPU.Build.0 = Debug|Any CPU
		{B8C80910-5478-4C25-91AF-6C2D4BF89A36}.Debug|x64.ActiveCfg = Debug|Any CPU
		{B8C80910-5478-4C25-91AF-6C2D4BF89A36}.Debug|x64.Build.0 = Debug|Any CPU
		{B8C80910-5478-4C25-91AF-6C2D4BF89A36}.Debug|x86.ActiveCfg = Debug|Any CPU
		{B8C80910-5478-4C25-91AF-6C2D4BF89A36}.Debug|x86.Build.0 = Debug|Any CPU
		{B8C80910-5478-4C25-91AF-6C2D4BF89A36}.Release|Any CPU.ActiveCfg = Release|Any CPU
		{B8C80910-5478-4C25-91AF-6C2D4BF89A36}.Release|Any CPU.Build.0 = Release|Any CPU
		{B8C80910-5478-4C25-91AF-6C2D4BF89A36}.Release|x64.ActiveCfg = Release|Any CPU
		{B8C80910-5478-4C25-91AF-6C2D4BF89A36}.Release|x64.Build.0 = Release|Any CPU
		{B8C80910-5478-4C25-91AF-6C2D4BF89A36}.Release|x86.ActiveCfg = Release|Any CPU
		{B8C80910-5478-4C25-91AF-6C2D4BF89A36}.Release|x86.Build.0 = Release|Any CPU
	EndGlobalSection
	GlobalSection(SolutionProperties) = preSolution
		HideSolutionNode = FALSE
	EndGlobalSection
	GlobalSection(ExtensibilityGlobals) = postSolution
		SolutionGuid = {500CE5F5-0897-46CD-B883-38756B34B22A}
	EndGlobalSection
EndGlobal
